{
  "version": 4,
  "terraform_version": "1.10.4",
  "serial": 233,
  "lineage": "f0db9a7f-5d4f-1798-2c63-5e613c670727",
  "outputs": {
    "dynamodb_insert_commands": {
      "value": "--table-name christanyk-bookinventory --item '{\"ISBN\": {\"S\": \"978-0134685991\"}, \"Genre\": {\"S\": \"Technology\"}, \"Title\": {\"S\": \"Effective Java\"}, \"Author\": {\"S\": \"Joshua Bloch\"}, \"Stock\": {\"N\": \"1\"}}'\r\naws dynamodb put-item --table-name christanyk-bookinventory --item '{\"ISBN\": {\"S\": \"978-0134685009\"}, \"Genre\": {\"S\": \"Technology\"}, \"Title\": {\"S\": \"Learning Python\"}, \"Author\": {\"S\": \"Mark Lutz\"}, \"Stock\": {\"N\": \"2\"}}'\r\naws dynamodb put-item --table-name christanyk-bookinventory --item '{\"ISBN\": {\"S\": \"974-0134789698\"}, \"Genre\": {\"S\": \"Fiction\"}, \"Title\": {\"S\": \"The Hitchhiker\"}, \"Author\": {\"S\": \"Douglas Adams\"}, \"Stock\": {\"N\": \"10\"}}'\r\n",
      "type": "string"
    },
    "ssh_command": {
      "value": "ssh -i ./christanyk.pem ec2-user@3.91.176.56",
      "type": "string"
    }
  },
  "resources": [
    {
      "mode": "data",
      "type": "aws_ami",
      "name": "latest_amazon_linux",
      "provider": "provider[\"registry.terraform.io/hashicorp/aws\"]",
      "instances": [
        {
          "schema_version": 0,
          "attributes": {
            "architecture": "x86_64",
            "arn": "arn:aws:ec2:us-east-1::image/ami-05d9b53b86dec19c8",
            "block_device_mappings": [
              {
                "device_name": "/dev/xvda",
                "ebs": {
                  "delete_on_termination": "true",
                  "encrypted": "false",
                  "iops": "3000",
                  "snapshot_id": "snap-05208fe5225de0b4e",
                  "throughput": "125",
                  "volume_size": "2",
                  "volume_type": "gp3"
                },
                "no_device": "",
                "virtual_name": ""
              }
            ],
            "boot_mode": "uefi-preferred",
            "creation_date": "2025-03-29T05:38:34.000Z",
            "deprecation_time": "2025-06-27T05:39:00.000Z",
            "description": "Amazon Linux 2023 AMI 2023.7.20250331.0 x86_64 Minimal HVM kernel-6.1",
            "ena_support": true,
            "executable_users": null,
            "filter": [
              {
                "name": "name",
                "values": [
                  "al2023-ami-*-kernel-*"
                ]
              }
            ],
            "hypervisor": "xen",
            "id": "ami-05d9b53b86dec19c8",
            "image_id": "ami-05d9b53b86dec19c8",
            "image_location": "amazon/al2023-ami-minimal-2023.7.20250331.0-kernel-6.1-x86_64",
            "image_owner_alias": "amazon",
            "image_type": "machine",
            "imds_support": "v2.0",
            "include_deprecated": false,
            "kernel_id": "",
            "most_recent": true,
            "name": "al2023-ami-minimal-2023.7.20250331.0-kernel-6.1-x86_64",
            "name_regex": null,
            "owner_id": "137112412989",
            "owners": [
              "amazon"
            ],
            "platform": "",
            "platform_details": "Linux/UNIX",
            "product_codes": [],
            "public": true,
            "ramdisk_id": "",
            "root_device_name": "/dev/xvda",
            "root_device_type": "ebs",
            "root_snapshot_id": "snap-05208fe5225de0b4e",
            "sriov_net_support": "simple",
            "state": "available",
            "state_reason": {
              "code": "UNSET",
              "message": "UNSET"
            },
            "tags": {},
            "timeouts": null,
            "tpm_support": "",
            "uefi_data": null,
            "usage_operation": "RunInstances",
            "virtualization_type": "hvm"
          },
          "sensitive_attributes": []
        }
      ]
    },
    {
      "mode": "managed",
      "type": "aws_dynamodb_table",
      "name": "bookinventory",
      "provider": "provider[\"registry.terraform.io/hashicorp/aws\"]",
      "instances": [
        {
          "schema_version": 1,
          "attributes": {
            "arn": "arn:aws:dynamodb:us-east-1:255945442255:table/christanyk-bookinventory",
            "attribute": [
              {
                "name": "Genre",
                "type": "S"
              },
              {
                "name": "ISBN",
                "type": "S"
              }
            ],
            "billing_mode": "PAY_PER_REQUEST",
            "deletion_protection_enabled": false,
            "global_secondary_index": [],
            "hash_key": "ISBN",
            "id": "christanyk-bookinventory",
            "import_table": [],
            "local_secondary_index": [],
            "name": "christanyk-bookinventory",
            "on_demand_throughput": [],
            "point_in_time_recovery": [
              {
                "enabled": false
              }
            ],
            "range_key": "Genre",
            "read_capacity": 0,
            "replica": [],
            "restore_date_time": null,
            "restore_source_name": null,
            "restore_source_table_arn": null,
            "restore_to_latest_time": null,
            "server_side_encryption": [],
            "stream_arn": "",
            "stream_enabled": false,
            "stream_label": "",
            "stream_view_type": "",
            "table_class": "STANDARD",
            "tags": {
              "Name": "bookinventory"
            },
            "tags_all": {
              "Name": "bookinventory"
            },
            "timeouts": null,
            "ttl": [
              {
                "attribute_name": "",
                "enabled": false
              }
            ],
            "write_capacity": 0
          },
          "sensitive_attributes": [],
          "private": "eyJlMmJmYjczMC1lY2FhLTExZTYtOGY4OC0zNDM2M2JjN2M0YzAiOnsiY3JlYXRlIjoxODAwMDAwMDAwMDAwLCJkZWxldGUiOjYwMDAwMDAwMDAwMCwidXBkYXRlIjozNjAwMDAwMDAwMDAwfSwic2NoZW1hX3ZlcnNpb24iOiIxIn0="
        }
      ]
    },
    {
      "mode": "managed",
      "type": "aws_iam_instance_profile",
      "name": "ec2_dynamodb_profile",
      "provider": "provider[\"registry.terraform.io/hashicorp/aws\"]",
      "instances": [
        {
          "schema_version": 0,
          "attributes": {
            "arn": "arn:aws:iam::255945442255:instance-profile/christanyk-dynamodb-profile",
            "create_date": "2025-04-03T05:14:17Z",
            "id": "christanyk-dynamodb-profile",
            "name": "christanyk-dynamodb-profile",
            "name_prefix": "",
            "path": "/",
            "role": "christanyk-dynamodb-role",
            "tags": null,
            "tags_all": {},
            "unique_id": "AIPATXF4JQPH45T6Y5INE"
          },
          "sensitive_attributes": [],
          "private": "bnVsbA==",
          "dependencies": [
            "aws_iam_role.ec2_dynamodb_role"
          ]
        }
      ]
    },
    {
      "mode": "managed",
      "type": "aws_iam_policy",
      "name": "dynamodb_full_access",
      "provider": "provider[\"registry.terraform.io/hashicorp/aws\"]",
      "instances": [
        {
          "schema_version": 0,
          "attributes": {
            "arn": "arn:aws:iam::255945442255:policy/christanyk-dynamodb-full-access",
            "attachment_count": 0,
            "description": "Policy to allow EC2 to fully access DynamoDB",
            "id": "arn:aws:iam::255945442255:policy/christanyk-dynamodb-full-access",
            "name": "christanyk-dynamodb-full-access",
            "name_prefix": "",
            "path": "/",
            "policy": "{\"Statement\":[{\"Action\":[\"dynamodb:ListTables\"],\"Effect\":\"Allow\",\"Resource\":\"*\"},{\"Action\":[\"dynamodb:PutItem\",\"dynamodb:GetItem\",\"dynamodb:UpdateItem\",\"dynamodb:DeleteItem\",\"dynamodb:Scan\",\"dynamodb:Query\",\"dynamodb:DeleteTable\"],\"Effect\":\"Allow\",\"Resource\":\"arn:aws:dynamodb:us-east-1:255945442255:table/christanyk-bookinventory\"}],\"Version\":\"2012-10-17\"}",
            "policy_id": "ANPATXF4JQPHSBJSP7OBO",
            "tags": null,
            "tags_all": {}
          },
          "sensitive_attributes": [],
          "private": "bnVsbA==",
          "dependencies": [
            "aws_dynamodb_table.bookinventory"
          ]
        }
      ]
    },
    {
      "mode": "managed",
      "type": "aws_iam_role",
      "name": "ec2_dynamodb_role",
      "provider": "provider[\"registry.terraform.io/hashicorp/aws\"]",
      "instances": [
        {
          "schema_version": 0,
          "attributes": {
            "arn": "arn:aws:iam::255945442255:role/christanyk-dynamodb-role",
            "assume_role_policy": "{\"Statement\":[{\"Action\":\"sts:AssumeRole\",\"Effect\":\"Allow\",\"Principal\":{\"Service\":\"ec2.amazonaws.com\"}}],\"Version\":\"2012-10-17\"}",
            "create_date": "2025-04-03T05:14:16Z",
            "description": "",
            "force_detach_policies": false,
            "id": "christanyk-dynamodb-role",
            "inline_policy": [],
            "managed_policy_arns": [],
            "max_session_duration": 3600,
            "name": "christanyk-dynamodb-role",
            "name_prefix": "",
            "path": "/",
            "permissions_boundary": "",
            "tags": null,
            "tags_all": {},
            "unique_id": "AROATXF4JQPHQUJADW6WU"
          },
          "sensitive_attributes": [],
          "private": "bnVsbA=="
        }
      ]
    },
    {
      "mode": "managed",
      "type": "aws_iam_role_policy_attachment",
      "name": "dynamodb_full_access_attach",
      "provider": "provider[\"registry.terraform.io/hashicorp/aws\"]",
      "instances": [
        {
          "schema_version": 0,
          "attributes": {
            "id": "christanyk-dynamodb-role-20250403051432711300000003",
            "policy_arn": "arn:aws:iam::255945442255:policy/christanyk-dynamodb-full-access",
            "role": "christanyk-dynamodb-role"
          },
          "sensitive_attributes": [],
          "private": "bnVsbA==",
          "dependencies": [
            "aws_dynamodb_table.bookinventory",
            "aws_iam_policy.dynamodb_full_access",
            "aws_iam_role.ec2_dynamodb_role"
          ]
        }
      ]
    },
    {
      "mode": "managed",
      "type": "aws_instance",
      "name": "dynamodb_reader",
      "provider": "provider[\"registry.terraform.io/hashicorp/aws\"]",
      "instances": [
        {
          "schema_version": 1,
          "attributes": {
            "ami": "ami-05d9b53b86dec19c8",
            "arn": "arn:aws:ec2:us-east-1:255945442255:instance/i-00b141f70468ed556",
            "associate_public_ip_address": true,
            "availability_zone": "us-east-1b",
            "capacity_reservation_specification": [
              {
                "capacity_reservation_preference": "open",
                "capacity_reservation_target": []
              }
            ],
            "cpu_core_count": 1,
            "cpu_options": [
              {
                "amd_sev_snp": "",
                "core_count": 1,
                "threads_per_core": 1
              }
            ],
            "cpu_threads_per_core": 1,
            "credit_specification": [
              {
                "cpu_credits": "standard"
              }
            ],
            "disable_api_stop": false,
            "disable_api_termination": false,
            "ebs_block_device": [],
            "ebs_optimized": false,
            "enable_primary_ipv6": null,
            "enclave_options": [
              {
                "enabled": false
              }
            ],
            "ephemeral_block_device": [],
            "get_password_data": false,
            "hibernation": false,
            "host_id": "",
            "host_resource_group_arn": null,
            "iam_instance_profile": "christanyk-dynamodb-profile",
            "id": "i-00b141f70468ed556",
            "instance_initiated_shutdown_behavior": "stop",
            "instance_lifecycle": "",
            "instance_market_options": [],
            "instance_state": "running",
            "instance_type": "t2.micro",
            "ipv6_address_count": 0,
            "ipv6_addresses": [],
            "key_name": "christanyk",
            "launch_template": [],
            "maintenance_options": [
              {
                "auto_recovery": "default"
              }
            ],
            "metadata_options": [
              {
                "http_endpoint": "enabled",
                "http_protocol_ipv6": "disabled",
                "http_put_response_hop_limit": 2,
                "http_tokens": "required",
                "instance_metadata_tags": "disabled"
              }
            ],
            "monitoring": false,
            "network_interface": [],
            "outpost_arn": "",
            "password_data": "",
            "placement_group": "",
            "placement_partition_number": 0,
            "primary_network_interface_id": "eni-0e591cce3ee90047e",
            "private_dns": "ip-10-0-1-33.ec2.internal",
            "private_dns_name_options": [
              {
                "enable_resource_name_dns_a_record": false,
                "enable_resource_name_dns_aaaa_record": false,
                "hostname_type": "ip-name"
              }
            ],
            "private_ip": "10.0.1.33",
            "public_dns": "",
            "public_ip": "3.91.176.56",
            "root_block_device": [
              {
                "delete_on_termination": true,
                "device_name": "/dev/xvda",
                "encrypted": false,
                "iops": 3000,
                "kms_key_id": "",
                "tags": {},
                "tags_all": {},
                "throughput": 125,
                "volume_id": "vol-09c6faa0f1af10b80",
                "volume_size": 2,
                "volume_type": "gp3"
              }
            ],
            "secondary_private_ips": [],
            "security_groups": [],
            "source_dest_check": true,
            "spot_instance_request_id": "",
            "subnet_id": "subnet-029a580b210d4214e",
            "tags": {
              "Name": "christanyk-dynamodb-reader"
            },
            "tags_all": {
              "Name": "christanyk-dynamodb-reader"
            },
            "tenancy": "default",
            "timeouts": null,
            "user_data": null,
            "user_data_base64": null,
            "user_data_replace_on_change": false,
            "volume_tags": null,
            "vpc_security_group_ids": [
              "sg-0e5cd36630f490569"
            ]
          },
          "sensitive_attributes": [],
          "private": "eyJlMmJmYjczMC1lY2FhLTExZTYtOGY4OC0zNDM2M2JjN2M0YzAiOnsiY3JlYXRlIjo2MDAwMDAwMDAwMDAsImRlbGV0ZSI6MTIwMDAwMDAwMDAwMCwicmVhZCI6OTAwMDAwMDAwMDAwLCJ1cGRhdGUiOjYwMDAwMDAwMDAwMH0sInNjaGVtYV92ZXJzaW9uIjoiMSJ9",
          "dependencies": [
            "aws_iam_instance_profile.ec2_dynamodb_profile",
            "aws_iam_role.ec2_dynamodb_role",
            "aws_key_pair.christanyk_key",
            "aws_security_group.christanyk_sg",
            "aws_subnet.public",
            "aws_vpc.main",
            "data.aws_ami.latest_amazon_linux",
            "tls_private_key.christanyk"
          ]
        }
      ]
    },
    {
      "mode": "managed",
      "type": "aws_internet_gateway",
      "name": "igw",
      "provider": "provider[\"registry.terraform.io/hashicorp/aws\"]",
      "instances": [
        {
          "schema_version": 0,
          "attributes": {
            "arn": "arn:aws:ec2:us-east-1:255945442255:internet-gateway/igw-006b650655ed7106b",
            "id": "igw-006b650655ed7106b",
            "owner_id": "255945442255",
            "tags": {
              "Name": "christanyk-igw"
            },
            "tags_all": {
              "Name": "christanyk-igw"
            },
            "timeouts": null,
            "vpc_id": "vpc-00c8779af9fa97a3a"
          },
          "sensitive_attributes": [],
          "private": "eyJlMmJmYjczMC1lY2FhLTExZTYtOGY4OC0zNDM2M2JjN2M0YzAiOnsiY3JlYXRlIjoxMjAwMDAwMDAwMDAwLCJkZWxldGUiOjEyMDAwMDAwMDAwMDAsInVwZGF0ZSI6MTIwMDAwMDAwMDAwMH19",
          "dependencies": [
            "aws_vpc.main"
          ]
        }
      ]
    },
    {
      "mode": "managed",
      "type": "aws_key_pair",
      "name": "christanyk_key",
      "provider": "provider[\"registry.terraform.io/hashicorp/aws\"]",
      "instances": [
        {
          "schema_version": 1,
          "attributes": {
            "arn": "arn:aws:ec2:us-east-1:255945442255:key-pair/christanyk",
            "fingerprint": "49:42:ae:26:be:5a:22:4c:7a:08:e3:7c:80:20:01:04",
            "id": "christanyk",
            "key_name": "christanyk",
            "key_name_prefix": "",
            "key_pair_id": "key-0b41f952d164332f7",
            "key_type": "rsa",
            "public_key": "ssh-rsa AAAAB3NzaC1yc2EAAAADAQABAAABAQDX+02TQtyqA4xdhkRKE9CnjI2uz5YK58hfN14pW50d1LhgZwrtZ0v8Hfj0ZtZX2McT8PId3FZMXQ39x+PMCKuceoPfs41VjuirmyZX8AaTIUH/bHSgh1uIRmWF2dfAsNHt3a1Tdvr3iTARbcgA9104QtnLrJM0tZxDnyXrVzMBDhowvNSoJUIcvVSt/ouq607fdus0tlVHIahZuNhyI02B3ATTURu4lWMX3g9CfbzvBMSmHzWm3t6JqvjsYq9H5dgYMqJ2F5JfpaCE9LiC+70g6fECk6gm7oIBm945CG2VD6JnMkBLsmFQxqSYNNqNge3Rih6pMtjZTBQc8+jL7qkz",
            "tags": null,
            "tags_all": {}
          },
          "sensitive_attributes": [],
          "private": "eyJzY2hlbWFfdmVyc2lvbiI6IjEifQ==",
          "dependencies": [
            "tls_private_key.christanyk"
          ]
        }
      ]
    },
    {
      "mode": "managed",
      "type": "aws_route_table",
      "name": "public",
      "provider": "provider[\"registry.terraform.io/hashicorp/aws\"]",
      "instances": [
        {
          "schema_version": 0,
          "attributes": {
            "arn": "arn:aws:ec2:us-east-1:255945442255:route-table/rtb-01318a760b3236d8e",
            "id": "rtb-01318a760b3236d8e",
            "owner_id": "255945442255",
            "propagating_vgws": [],
            "route": [
              {
                "carrier_gateway_id": "",
                "cidr_block": "0.0.0.0/0",
                "core_network_arn": "",
                "destination_prefix_list_id": "",
                "egress_only_gateway_id": "",
                "gateway_id": "igw-006b650655ed7106b",
                "ipv6_cidr_block": "",
                "local_gateway_id": "",
                "nat_gateway_id": "",
                "network_interface_id": "",
                "transit_gateway_id": "",
                "vpc_endpoint_id": "",
                "vpc_peering_connection_id": ""
              }
            ],
            "tags": {
              "Name": "christanyk-public-route"
            },
            "tags_all": {
              "Name": "christanyk-public-route"
            },
            "timeouts": null,
            "vpc_id": "vpc-00c8779af9fa97a3a"
          },
          "sensitive_attributes": [],
          "private": "eyJlMmJmYjczMC1lY2FhLTExZTYtOGY4OC0zNDM2M2JjN2M0YzAiOnsiY3JlYXRlIjozMDAwMDAwMDAwMDAsImRlbGV0ZSI6MzAwMDAwMDAwMDAwLCJ1cGRhdGUiOjEyMDAwMDAwMDAwMH19",
          "dependencies": [
            "aws_internet_gateway.igw",
            "aws_vpc.main"
          ]
        }
      ]
    },
    {
      "mode": "managed",
      "type": "aws_route_table_association",
      "name": "public_assoc",
      "provider": "provider[\"registry.terraform.io/hashicorp/aws\"]",
      "instances": [
        {
          "schema_version": 0,
          "attributes": {
            "gateway_id": "",
            "id": "rtbassoc-083db36f06755cccc",
            "route_table_id": "rtb-01318a760b3236d8e",
            "subnet_id": "subnet-029a580b210d4214e",
            "timeouts": null
          },
          "sensitive_attributes": [],
          "private": "eyJlMmJmYjczMC1lY2FhLTExZTYtOGY4OC0zNDM2M2JjN2M0YzAiOnsiY3JlYXRlIjozMDAwMDAwMDAwMDAsImRlbGV0ZSI6MzAwMDAwMDAwMDAwLCJ1cGRhdGUiOjEyMDAwMDAwMDAwMH19",
          "dependencies": [
            "aws_internet_gateway.igw",
            "aws_route_table.public",
            "aws_subnet.public",
            "aws_vpc.main"
          ]
        }
      ]
    },
    {
      "mode": "managed",
      "type": "aws_security_group",
      "name": "christanyk_sg",
      "provider": "provider[\"registry.terraform.io/hashicorp/aws\"]",
      "instances": [
        {
          "schema_version": 1,
          "attributes": {
            "arn": "arn:aws:ec2:us-east-1:255945442255:security-group/sg-0e5cd36630f490569",
            "description": "Managed by Terraform",
            "egress": [
              {
                "cidr_blocks": [
                  "0.0.0.0/0"
                ],
                "description": "",
                "from_port": 0,
                "ipv6_cidr_blocks": [],
                "prefix_list_ids": [],
                "protocol": "-1",
                "security_groups": [],
                "self": false,
                "to_port": 0
              }
            ],
            "id": "sg-0e5cd36630f490569",
            "ingress": [
              {
                "cidr_blocks": [
                  "0.0.0.0/0"
                ],
                "description": "",
                "from_port": 22,
                "ipv6_cidr_blocks": [],
                "prefix_list_ids": [],
                "protocol": "tcp",
                "security_groups": [],
                "self": false,
                "to_port": 22
              },
              {
                "cidr_blocks": [
                  "0.0.0.0/0"
                ],
                "description": "",
                "from_port": 443,
                "ipv6_cidr_blocks": [],
                "prefix_list_ids": [],
                "protocol": "tcp",
                "security_groups": [],
                "self": false,
                "to_port": 443
              }
            ],
            "name": "christanyk-sg",
            "name_prefix": "",
            "owner_id": "255945442255",
            "revoke_rules_on_delete": false,
            "tags": {
              "Name": "christanyk-sg"
            },
            "tags_all": {
              "Name": "christanyk-sg"
            },
            "timeouts": null,
            "vpc_id": "vpc-00c8779af9fa97a3a"
          },
          "sensitive_attributes": [],
          "private": "eyJlMmJmYjczMC1lY2FhLTExZTYtOGY4OC0zNDM2M2JjN2M0YzAiOnsiY3JlYXRlIjo2MDAwMDAwMDAwMDAsImRlbGV0ZSI6OTAwMDAwMDAwMDAwfSwic2NoZW1hX3ZlcnNpb24iOiIxIn0=",
          "dependencies": [
            "aws_vpc.main"
          ]
        }
      ]
    },
    {
      "mode": "managed",
      "type": "aws_subnet",
      "name": "public",
      "provider": "provider[\"registry.terraform.io/hashicorp/aws\"]",
      "instances": [
        {
          "schema_version": 1,
          "attributes": {
            "arn": "arn:aws:ec2:us-east-1:255945442255:subnet/subnet-029a580b210d4214e",
            "assign_ipv6_address_on_creation": false,
            "availability_zone": "us-east-1b",
            "availability_zone_id": "use1-az2",
            "cidr_block": "10.0.1.0/24",
            "customer_owned_ipv4_pool": "",
            "enable_dns64": false,
            "enable_lni_at_device_index": 0,
            "enable_resource_name_dns_a_record_on_launch": false,
            "enable_resource_name_dns_aaaa_record_on_launch": false,
            "id": "subnet-029a580b210d4214e",
            "ipv6_cidr_block": "",
            "ipv6_cidr_block_association_id": "",
            "ipv6_native": false,
            "map_customer_owned_ip_on_launch": false,
            "map_public_ip_on_launch": true,
            "outpost_arn": "",
            "owner_id": "255945442255",
            "private_dns_hostname_type_on_launch": "ip-name",
            "tags": {
              "Name": "christanyk-public-subnet"
            },
            "tags_all": {
              "Name": "christanyk-public-subnet"
            },
            "timeouts": null,
            "vpc_id": "vpc-00c8779af9fa97a3a"
          },
          "sensitive_attributes": [],
          "private": "eyJlMmJmYjczMC1lY2FhLTExZTYtOGY4OC0zNDM2M2JjN2M0YzAiOnsiY3JlYXRlIjo2MDAwMDAwMDAwMDAsImRlbGV0ZSI6MTIwMDAwMDAwMDAwMH0sInNjaGVtYV92ZXJzaW9uIjoiMSJ9",
          "dependencies": [
            "aws_vpc.main"
          ]
        }
      ]
    },
    {
      "mode": "managed",
      "type": "aws_vpc",
      "name": "main",
      "provider": "provider[\"registry.terraform.io/hashicorp/aws\"]",
      "instances": [
        {
          "schema_version": 1,
          "attributes": {
            "arn": "arn:aws:ec2:us-east-1:255945442255:vpc/vpc-00c8779af9fa97a3a",
            "assign_generated_ipv6_cidr_block": false,
            "cidr_block": "10.0.0.0/16",
            "default_network_acl_id": "acl-00fbaa21796fc8e1a",
            "default_route_table_id": "rtb-0b9bc82bbeb163fa2",
            "default_security_group_id": "sg-0dbf40a3ee2d3374a",
            "dhcp_options_id": "dopt-0191054b044ac1c99",
            "enable_dns_hostnames": false,
            "enable_dns_support": true,
            "enable_network_address_usage_metrics": false,
            "id": "vpc-00c8779af9fa97a3a",
            "instance_tenancy": "default",
            "ipv4_ipam_pool_id": null,
            "ipv4_netmask_length": null,
            "ipv6_association_id": "",
            "ipv6_cidr_block": "",
            "ipv6_cidr_block_network_border_group": "",
            "ipv6_ipam_pool_id": "",
            "ipv6_netmask_length": 0,
            "main_route_table_id": "rtb-0b9bc82bbeb163fa2",
            "owner_id": "255945442255",
            "tags": {
              "Name": "christanyk-vpc"
            },
            "tags_all": {
              "Name": "christanyk-vpc"
            }
          },
          "sensitive_attributes": [],
          "private": "eyJzY2hlbWFfdmVyc2lvbiI6IjEifQ=="
        }
      ]
    },
    {
      "mode": "managed",
      "type": "local_file",
      "name": "private_key",
      "provider": "provider[\"registry.terraform.io/hashicorp/local\"]",
      "instances": [
        {
          "schema_version": 0,
          "attributes": {
            "content": "-----BEGIN RSA PRIVATE KEY-----\nMIIEpAIBAAKCAQEA1/tNk0LcqgOMXYZEShPQp4yNrs+WCufIXzdeKVudHdS4YGcK\n7WdL/B349GbWV9jHE/DyHdxWTF0N/cfjzAirnHqD37ONVY7oq5smV/AGkyFB/2x0\noIdbiEZlhdnXwLDR7d2tU3b694kwEW3IAPddOELZy6yTNLWcQ58l61czAQ4aMLzU\nqCVCHL1Urf6LqutO33brNLZVRyGoWbjYciNNgdwE01EbuJVjF94PQn287wTEph81\npt7eiar47GKvR+XYGDKidheSX6WghPS4gvu9IOnxApOoJu6CAZveOQhtlQ+iZzJA\nS7JhUMakmDTajYHt0YoeqTLY2UwUHPPoy+6pMwIDAQABAoIBAQCAK9ZBifBBxJFL\n/x4Ph+rPQ43hK7ezCRHTz5vFl2SKC27PZtcJQ7/IAlF3WH/i6fZaUyabqeJctuxS\nqoj40DxnRB12Z6t8Fq7lB9GdZgfA0H/GAKrFiQ48tOoSoNB0vXoXWvI9EeKle3hX\nH3sNd76OYL23LNa+9Pei+ZMbMkhGWuxFstIUEI16LalGfGKnIFmgQQN4bSMkRwz1\nKutC/IjRFfw1VtoAhPw0u7ZlxtMG3/Pxh7dLEFnOhGrzC2y3rsrMqo8wMKEKAkMR\nbrV8uhIfQwDuND/mpMoljrKmUOnMlrSfRALpigkeIEyJ6IXl3IInRSxlH4JcjgfW\nRW8e5gkhAoGBAPzV/9AFTFjuU3rrLXrd4fgx/MBG0VbE1gEtHwnOutsH0AZo+zrI\nDoa84k461R6tq50uhIWmzg1Ru3Zl7irzvHrApjD/xl6wcBN4JxjTkvaip+V9Peq6\nJX7E/UJ8uaPVMl/47lhDhZgZWErBp1nYYelLsjT6XrbjRWJAmgUhd0CFAoGBANqv\nPDCxQipUEfDMVkIXtoclXRNa5NbLh33PNiXa1SLLJigZYQUy/RnZcZVduJ8B9Dcf\nlmqu5Q1cs/g4h/MTZQlvGrpS2lEhKsZzL65oMP25LPQ2IOjSrNXG5UZeho2GQJ5O\nnP2PIf/0QXEgASszVP3+ntVDOKlR1XuRVJ1CU4xXAoGAIImhvDGSW7eAAseVOMSp\nOfmk31G9yv7V05zs66QxI9LjkI+eFTh9thVEwnCL0MDk3vuHjnOi/M/R4jDH77si\nPGHigVfJPZJTOg4yad2AgkD4fm4Zs8V04dWUCiRm95CORQ+SDMXTwXkxhZ1aXhOc\nthtJucumuL6SxUwvBg4CfMkCgYEAtuMginRkKnQ+wMyTQxkDzMihq6MziLOUb9IQ\nrd3yq/OLyLNY4XlAFRM2G73SviBrNoKTUEtOQjuKQ4g7oj1RHW+uwa6y6HC9jlQc\nx1ZZyofIIcD3Ct/OLcb2TkCVdNyXRA3o22GOBLoo1Mv4TkHSzczY1vAt/eTzjjD/\nu7kRmGcCgYB+bYRJ/ajINFB4Nq5mXloIT6o3/Aol1I4ltRXv/46bNeDRFRC1c+if\nEkDMTTus/lkf/7cdn2Y64+sQiPvFZ4Tw+RBg+RQP5YBt9/9rc12zzIn/Pe5a1HmQ\nP/Jh6Vvn7faFSM6JJzYvlheG2dRCFfnq6N19eX6YsNaQrp4z9bNf9A==\n-----END RSA PRIVATE KEY-----\n",
            "content_base64": null,
            "content_base64sha256": "TzhdtTSrn+az9yOl9Zh+lB3iF9LHZ+MSZtcl4O53Acg=",
            "content_base64sha512": "JP2ojhhypRiwYM6qhNqsJ52Zn6D7HBU8u3p84kSL0OpMP1bAm9D7OMgMyBQtXeks5LcSx3aifl/qYQKJfbD/Eg==",
            "content_md5": "5005cb73d63932709294737f8c7b3895",
            "content_sha1": "cc9028979dfa67cae3a46a776b5d36ecab955050",
            "content_sha256": "4f385db534ab9fe6b3f723a5f5987e941de217d2c767e31266d725e0ee7701c8",
            "content_sha512": "24fda88e1872a518b060ceaa84daac279d999fa0fb1c153cbb7a7ce2448bd0ea4c3f56c09bd0fb38c80cc8142d5de92ce4b712c776a27e5fea6102897db0ff12",
            "directory_permission": "0777",
            "file_permission": "0777",
            "filename": "./christanyk.pem",
            "id": "cc9028979dfa67cae3a46a776b5d36ecab955050",
            "sensitive_content": null,
            "source": null
          },
          "sensitive_attributes": [
            [
              {
                "type": "get_attr",
                "value": "sensitive_content"
              }
            ],
            [
              {
                "type": "get_attr",
                "value": "content"
              }
            ]
          ],
          "dependencies": [
            "tls_private_key.christanyk"
          ]
        }
      ]
    },
    {
      "mode": "managed",
      "type": "null_resource",
      "name": "cleanup_key",
      "provider": "provider[\"registry.terraform.io/hashicorp/null\"]",
      "instances": [
        {
          "schema_version": 0,
          "attributes": {
            "id": "4931054248310046646",
            "triggers": {
              "always_run": "2025-04-03T05:14:12Z"
            }
          },
          "sensitive_attributes": []
        }
      ]
    },
    {
      "mode": "managed",
      "type": "tls_private_key",
      "name": "christanyk",
      "provider": "provider[\"registry.terraform.io/hashicorp/tls\"]",
      "instances": [
        {
          "schema_version": 1,
          "attributes": {
            "algorithm": "RSA",
            "ecdsa_curve": "P224",
            "id": "377b789c4402f907bc6ff7051862eccf67ee0456",
            "private_key_openssh": "-----BEGIN OPENSSH PRIVATE KEY-----\nb3BlbnNzaC1rZXktdjEAAAAABG5vbmUAAAAEbm9uZQAAAAAAAAABAAABFwAAAAdz\nc2gtcnNhAAAAAwEAAQAAAQEA1/tNk0LcqgOMXYZEShPQp4yNrs+WCufIXzdeKVud\nHdS4YGcK7WdL/B349GbWV9jHE/DyHdxWTF0N/cfjzAirnHqD37ONVY7oq5smV/AG\nkyFB/2x0oIdbiEZlhdnXwLDR7d2tU3b694kwEW3IAPddOELZy6yTNLWcQ58l61cz\nAQ4aMLzUqCVCHL1Urf6LqutO33brNLZVRyGoWbjYciNNgdwE01EbuJVjF94PQn28\n7wTEph81pt7eiar47GKvR+XYGDKidheSX6WghPS4gvu9IOnxApOoJu6CAZveOQht\nlQ+iZzJAS7JhUMakmDTajYHt0YoeqTLY2UwUHPPoy+6pMwAAA7iKXbJZil2yWQAA\nAAdzc2gtcnNhAAABAQDX+02TQtyqA4xdhkRKE9CnjI2uz5YK58hfN14pW50d1Lhg\nZwrtZ0v8Hfj0ZtZX2McT8PId3FZMXQ39x+PMCKuceoPfs41VjuirmyZX8AaTIUH/\nbHSgh1uIRmWF2dfAsNHt3a1Tdvr3iTARbcgA9104QtnLrJM0tZxDnyXrVzMBDhow\nvNSoJUIcvVSt/ouq607fdus0tlVHIahZuNhyI02B3ATTURu4lWMX3g9CfbzvBMSm\nHzWm3t6JqvjsYq9H5dgYMqJ2F5JfpaCE9LiC+70g6fECk6gm7oIBm945CG2VD6Jn\nMkBLsmFQxqSYNNqNge3Rih6pMtjZTBQc8+jL7qkzAAAAAwEAAQAAAQEAgCvWQYnw\nQcSRS/8eD4fqz0ON4Su3swkR08+bxZdkigtuz2bXCUO/yAJRd1h/4un2WlMmm6ni\nXLbsUqqI+NA8Z0QddmerfBau5QfRnWYHwNB/xgCqxYkOPLTqEqDQdL16F1ryPRHi\npXt4Vx97DXe+jmC9tyzWvvT3ovmTGzJIRlrsRbLSFBCNei2pRnxipyBZoEEDeG0j\nJEcM9SrrQvyI0RX8NVbaAIT8NLu2ZcbTBt/z8Ye3SxBZzoRq8wtst67KzKqPMDCh\nCgJDEW61fLoSH0MA7jQ/5qTKJY6yplDpzJa0n0QC6YoJHiBMieiF5dyCJ0UsZR+C\nXI4H1kVvHuYJIQAAAIB+bYRJ/ajINFB4Nq5mXloIT6o3/Aol1I4ltRXv/46bNeDR\nFRC1c+ifEkDMTTus/lkf/7cdn2Y64+sQiPvFZ4Tw+RBg+RQP5YBt9/9rc12zzIn/\nPe5a1HmQP/Jh6Vvn7faFSM6JJzYvlheG2dRCFfnq6N19eX6YsNaQrp4z9bNf9AAA\nAIEA/NX/0AVMWO5Teustet3h+DH8wEbRVsTWAS0fCc662wfQBmj7OsgOhrziTjrV\nHq2rnS6EhabODVG7dmXuKvO8esCmMP/GXrBwE3gnGNOS9qKn5X096rolfsT9Qny5\no9UyX/juWEOFmBlYSsGnWdhh6UuyNPpetuNFYkCaBSF3QIUAAACBANqvPDCxQipU\nEfDMVkIXtoclXRNa5NbLh33PNiXa1SLLJigZYQUy/RnZcZVduJ8B9Dcflmqu5Q1c\ns/g4h/MTZQlvGrpS2lEhKsZzL65oMP25LPQ2IOjSrNXG5UZeho2GQJ5OnP2PIf/0\nQXEgASszVP3+ntVDOKlR1XuRVJ1CU4xXAAAAAAEC\n-----END OPENSSH PRIVATE KEY-----\n",
            "private_key_pem": "-----BEGIN RSA PRIVATE KEY-----\nMIIEpAIBAAKCAQEA1/tNk0LcqgOMXYZEShPQp4yNrs+WCufIXzdeKVudHdS4YGcK\n7WdL/B349GbWV9jHE/DyHdxWTF0N/cfjzAirnHqD37ONVY7oq5smV/AGkyFB/2x0\noIdbiEZlhdnXwLDR7d2tU3b694kwEW3IAPddOELZy6yTNLWcQ58l61czAQ4aMLzU\nqCVCHL1Urf6LqutO33brNLZVRyGoWbjYciNNgdwE01EbuJVjF94PQn287wTEph81\npt7eiar47GKvR+XYGDKidheSX6WghPS4gvu9IOnxApOoJu6CAZveOQhtlQ+iZzJA\nS7JhUMakmDTajYHt0YoeqTLY2UwUHPPoy+6pMwIDAQABAoIBAQCAK9ZBifBBxJFL\n/x4Ph+rPQ43hK7ezCRHTz5vFl2SKC27PZtcJQ7/IAlF3WH/i6fZaUyabqeJctuxS\nqoj40DxnRB12Z6t8Fq7lB9GdZgfA0H/GAKrFiQ48tOoSoNB0vXoXWvI9EeKle3hX\nH3sNd76OYL23LNa+9Pei+ZMbMkhGWuxFstIUEI16LalGfGKnIFmgQQN4bSMkRwz1\nKutC/IjRFfw1VtoAhPw0u7ZlxtMG3/Pxh7dLEFnOhGrzC2y3rsrMqo8wMKEKAkMR\nbrV8uhIfQwDuND/mpMoljrKmUOnMlrSfRALpigkeIEyJ6IXl3IInRSxlH4JcjgfW\nRW8e5gkhAoGBAPzV/9AFTFjuU3rrLXrd4fgx/MBG0VbE1gEtHwnOutsH0AZo+zrI\nDoa84k461R6tq50uhIWmzg1Ru3Zl7irzvHrApjD/xl6wcBN4JxjTkvaip+V9Peq6\nJX7E/UJ8uaPVMl/47lhDhZgZWErBp1nYYelLsjT6XrbjRWJAmgUhd0CFAoGBANqv\nPDCxQipUEfDMVkIXtoclXRNa5NbLh33PNiXa1SLLJigZYQUy/RnZcZVduJ8B9Dcf\nlmqu5Q1cs/g4h/MTZQlvGrpS2lEhKsZzL65oMP25LPQ2IOjSrNXG5UZeho2GQJ5O\nnP2PIf/0QXEgASszVP3+ntVDOKlR1XuRVJ1CU4xXAoGAIImhvDGSW7eAAseVOMSp\nOfmk31G9yv7V05zs66QxI9LjkI+eFTh9thVEwnCL0MDk3vuHjnOi/M/R4jDH77si\nPGHigVfJPZJTOg4yad2AgkD4fm4Zs8V04dWUCiRm95CORQ+SDMXTwXkxhZ1aXhOc\nthtJucumuL6SxUwvBg4CfMkCgYEAtuMginRkKnQ+wMyTQxkDzMihq6MziLOUb9IQ\nrd3yq/OLyLNY4XlAFRM2G73SviBrNoKTUEtOQjuKQ4g7oj1RHW+uwa6y6HC9jlQc\nx1ZZyofIIcD3Ct/OLcb2TkCVdNyXRA3o22GOBLoo1Mv4TkHSzczY1vAt/eTzjjD/\nu7kRmGcCgYB+bYRJ/ajINFB4Nq5mXloIT6o3/Aol1I4ltRXv/46bNeDRFRC1c+if\nEkDMTTus/lkf/7cdn2Y64+sQiPvFZ4Tw+RBg+RQP5YBt9/9rc12zzIn/Pe5a1HmQ\nP/Jh6Vvn7faFSM6JJzYvlheG2dRCFfnq6N19eX6YsNaQrp4z9bNf9A==\n-----END RSA PRIVATE KEY-----\n",
            "private_key_pem_pkcs8": "-----BEGIN PRIVATE KEY-----\nMIIEvgIBADANBgkqhkiG9w0BAQEFAASCBKgwggSkAgEAAoIBAQDX+02TQtyqA4xd\nhkRKE9CnjI2uz5YK58hfN14pW50d1LhgZwrtZ0v8Hfj0ZtZX2McT8PId3FZMXQ39\nx+PMCKuceoPfs41VjuirmyZX8AaTIUH/bHSgh1uIRmWF2dfAsNHt3a1Tdvr3iTAR\nbcgA9104QtnLrJM0tZxDnyXrVzMBDhowvNSoJUIcvVSt/ouq607fdus0tlVHIahZ\nuNhyI02B3ATTURu4lWMX3g9CfbzvBMSmHzWm3t6JqvjsYq9H5dgYMqJ2F5JfpaCE\n9LiC+70g6fECk6gm7oIBm945CG2VD6JnMkBLsmFQxqSYNNqNge3Rih6pMtjZTBQc\n8+jL7qkzAgMBAAECggEBAIAr1kGJ8EHEkUv/Hg+H6s9DjeErt7MJEdPPm8WXZIoL\nbs9m1wlDv8gCUXdYf+Lp9lpTJpup4ly27FKqiPjQPGdEHXZnq3wWruUH0Z1mB8DQ\nf8YAqsWJDjy06hKg0HS9ehda8j0R4qV7eFcfew13vo5gvbcs1r7096L5kxsySEZa\n7EWy0hQQjXotqUZ8YqcgWaBBA3htIyRHDPUq60L8iNEV/DVW2gCE/DS7tmXG0wbf\n8/GHt0sQWc6EavMLbLeuysyqjzAwoQoCQxFutXy6Eh9DAO40P+akyiWOsqZQ6cyW\ntJ9EAumKCR4gTInoheXcgidFLGUfglyOB9ZFbx7mCSECgYEA/NX/0AVMWO5Teust\net3h+DH8wEbRVsTWAS0fCc662wfQBmj7OsgOhrziTjrVHq2rnS6EhabODVG7dmXu\nKvO8esCmMP/GXrBwE3gnGNOS9qKn5X096rolfsT9Qny5o9UyX/juWEOFmBlYSsGn\nWdhh6UuyNPpetuNFYkCaBSF3QIUCgYEA2q88MLFCKlQR8MxWQhe2hyVdE1rk1suH\nfc82JdrVIssmKBlhBTL9GdlxlV24nwH0Nx+Waq7lDVyz+DiH8xNlCW8aulLaUSEq\nxnMvrmgw/bks9DYg6NKs1cblRl6GjYZAnk6c/Y8h//RBcSABKzNU/f6e1UM4qVHV\ne5FUnUJTjFcCgYAgiaG8MZJbt4ACx5U4xKk5+aTfUb3K/tXTnOzrpDEj0uOQj54V\nOH22FUTCcIvQwOTe+4eOc6L8z9HiMMfvuyI8YeKBV8k9klM6DjJp3YCCQPh+bhmz\nxXTh1ZQKJGb3kI5FD5IMxdPBeTGFnVpeE5y2G0m5y6a4vpLFTC8GDgJ8yQKBgQC2\n4yCKdGQqdD7AzJNDGQPMyKGrozOIs5Rv0hCt3fKr84vIs1jheUAVEzYbvdK+IGs2\ngpNQS05CO4pDiDuiPVEdb67BrrLocL2OVBzHVlnKh8ghwPcK384txvZOQJV03JdE\nDejbYY4EuijUy/hOQdLNzNjW8C395POOMP+7uRGYZwKBgH5thEn9qMg0UHg2rmZe\nWghPqjf8CiXUjiW1Fe//jps14NEVELVz6J8SQMxNO6z+WR//tx2fZjrj6xCI+8Vn\nhPD5EGD5FA/lgG33/2tzXbPMif897lrUeZA/8mHpW+ft9oVIzoknNi+WF4bZ1EIV\n+ero3X15fpiw1pCunjP1s1/0\n-----END PRIVATE KEY-----\n",
            "public_key_fingerprint_md5": "37:e1:e1:4c:1f:f0:66:e9:ec:87:74:30:7c:39:df:ab",
            "public_key_fingerprint_sha256": "SHA256:g32bqvf73QIvh8PXhh3dnXh3UWoe3x73nrvUgj149C4",
            "public_key_openssh": "ssh-rsa AAAAB3NzaC1yc2EAAAADAQABAAABAQDX+02TQtyqA4xdhkRKE9CnjI2uz5YK58hfN14pW50d1LhgZwrtZ0v8Hfj0ZtZX2McT8PId3FZMXQ39x+PMCKuceoPfs41VjuirmyZX8AaTIUH/bHSgh1uIRmWF2dfAsNHt3a1Tdvr3iTARbcgA9104QtnLrJM0tZxDnyXrVzMBDhowvNSoJUIcvVSt/ouq607fdus0tlVHIahZuNhyI02B3ATTURu4lWMX3g9CfbzvBMSmHzWm3t6JqvjsYq9H5dgYMqJ2F5JfpaCE9LiC+70g6fECk6gm7oIBm945CG2VD6JnMkBLsmFQxqSYNNqNge3Rih6pMtjZTBQc8+jL7qkz\n",
            "public_key_pem": "-----BEGIN PUBLIC KEY-----\nMIIBIjANBgkqhkiG9w0BAQEFAAOCAQ8AMIIBCgKCAQEA1/tNk0LcqgOMXYZEShPQ\np4yNrs+WCufIXzdeKVudHdS4YGcK7WdL/B349GbWV9jHE/DyHdxWTF0N/cfjzAir\nnHqD37ONVY7oq5smV/AGkyFB/2x0oIdbiEZlhdnXwLDR7d2tU3b694kwEW3IAPdd\nOELZy6yTNLWcQ58l61czAQ4aMLzUqCVCHL1Urf6LqutO33brNLZVRyGoWbjYciNN\ngdwE01EbuJVjF94PQn287wTEph81pt7eiar47GKvR+XYGDKidheSX6WghPS4gvu9\nIOnxApOoJu6CAZveOQhtlQ+iZzJAS7JhUMakmDTajYHt0YoeqTLY2UwUHPPoy+6p\nMwIDAQAB\n-----END PUBLIC KEY-----\n",
            "rsa_bits": 2048
          },
          "sensitive_attributes": [
            [
              {
                "type": "get_attr",
                "value": "private_key_pem_pkcs8"
              }
            ],
            [
              {
                "type": "get_attr",
                "value": "private_key_pem"
              }
            ],
            [
              {
                "type": "get_attr",
                "value": "private_key_openssh"
              }
            ]
          ]
        }
      ]
    }
  ],
  "check_results": null
}
